
Microsoft Visual Studio Solution File, Format Version 12.00
# Visual Studio Version 17
VisualStudioVersion = 17.3.32714.290
MinimumVisualStudioVersion = 10.0.40219.1
Project("{FAE04EC0-301F-11D3-BF4B-00C04F79EFBC}") = "ITalent.App", "ITalent.App\ITalent.App.csproj", "{F9ADEB14-5606-4030-B2EF-113B7CCC3A40}"
EndProject
Global
	GlobalSection(SolutionConfigurationPlatforms) = preSolution
		Debug|Any CPU = Debug|Any CPU
		Release|Any CPU = Release|Any CPU
	EndGlobalSection
	GlobalSection(ProjectConfigurationPlatforms) = postSolution
		{F9ADEB14-5606-4030-B2EF-113B7CCC3A40}.Debug|Any CPU.ActiveCfg = Debug|Any CPU
		{F9ADEB14-5606-4030-B2EF-113B7CCC3A40}.Debug|Any CPU.Build.0 = Debug|Any CPU
		{F9ADEB14-5606-4030-B2EF-113B7CCC3A40}.Release|Any CPU.ActiveCfg = Release|Any CPU
		{F9ADEB14-5606-4030-B2EF-113B7CCC3A40}.Release|Any CPU.Build.0 = Release|Any CPU
	EndGlobalSection
	GlobalSection(SolutionProperties) = preSolution
		HideSolutionNode = FALSE
	EndGlobalSection
	GlobalSection(ExtensibilityGlobals) = postSolution
		SolutionGuid = {8AD3514B-0729-4255-83D9-33604C5D9335}
	EndGlobalSection
EndGlobal
